PODS:
  - Alamofire (4.7.3)
  - AlamofireImage (3.4.1):
    - Alamofire (~> 4.7)
  - Bolts (1.9.0):
    - Bolts/AppLinks (= 1.9.0)
    - Bolts/Tasks (= 1.9.0)
  - Bolts/AppLinks (1.9.0):
    - Bolts/Tasks
  - Bolts/Tasks (1.9.0)
  - CardIO (5.4.1)
  - FacebookCore (0.5.0):
    - Bolts (~> 1.9)
    - FBSDKCoreKit (~> 4.37)
  - FacebookLogin (0.5.0):
    - Bolts (~> 1.9)
    - FacebookCore (~> 0.5)
    - FBSDKCoreKit (~> 4.37)
    - FBSDKLoginKit (~> 4.37)
  - FBSDKCoreKit (4.38.1):
    - Bolts (~> 1.9)
  - FBSDKLoginKit (4.38.1):
    - FBSDKCoreKit
  - Firebase/Auth (5.9.0):
    - Firebase/CoreOnly
    - FirebaseAuth (= 5.0.4)
  - Firebase/Core (5.9.0):
    - Firebase/CoreOnly
    - FirebaseAnalytics (= 5.2.0)
  - Firebase/CoreOnly (5.9.0):
    - FirebaseCore (= 5.1.4)
  - Firebase/Database (5.9.0):
    - Firebase/CoreOnly
    - FirebaseDatabase (= 5.0.3)
  - Firebase/Messaging (5.9.0):
    - Firebase/CoreOnly
    - FirebaseMessaging (= 3.1.2)
  - FirebaseAnalytics (5.2.0):
    - FirebaseCore (~> 5.1)
    - FirebaseInstanceID (~> 3.2)
    - GoogleAppMeasurement (~> 5.2)
    - GoogleUtilities/AppDelegateSwizzler (~> 5.2)
    - GoogleUtilities/MethodSwizzler (~> 5.2)
    - GoogleUtilities/Network (~> 5.2)
    - "GoogleUtilities/NSData+zlib (~> 5.2)"
    - nanopb (~> 0.3)
  - FirebaseAuth (5.0.4):
    - FirebaseAuthInterop (~> 1.0)
    - FirebaseCore (~> 5.0)
    - GoogleUtilities/Environment (~> 5.2)
    - GTMSessionFetcher/Core (~> 1.1)
  - FirebaseAuthInterop (1.0.0)
  - FirebaseCore (5.1.4):
    - GoogleUtilities/Logger (~> 5.2)
  - FirebaseDatabase (5.0.3):
    - FirebaseCore (~> 5.0)
    - leveldb-library (~> 1.18)
  - FirebaseInstanceID (3.2.2):
    - FirebaseCore (~> 5.1)
    - GoogleUtilities/Environment (~> 5.3)
    - GoogleUtilities/UserDefaults (~> 5.3)
  - FirebaseMessaging (3.1.2):
    - FirebaseCore (~> 5.0)
    - FirebaseInstanceID (~> 3.0)
    - GoogleUtilities/Reachability (~> 5.2)
    - Protobuf (~> 3.1)
  - GoogleAppMeasurement (5.2.0):
    - GoogleUtilities/AppDelegateSwizzler (~> 5.2)
    - GoogleUtilities/MethodSwizzler (~> 5.2)
    - GoogleUtilities/Network (~> 5.2)
    - "GoogleUtilities/NSData+zlib (~> 5.2)"
    - nanopb (~> 0.3)
  - GoogleMaps (2.7.0):
    - GoogleMaps/Maps (= 2.7.0)
  - GoogleMaps/Base (2.7.0)
  - GoogleMaps/Maps (2.7.0):
    - GoogleMaps/Base
  - GooglePlacePicker (2.7.0):
    - GoogleMaps (= 2.7.0)
    - GooglePlaces (= 2.7.0)
  - GooglePlaces (2.7.0):
    - GoogleMaps/Base (= 2.7.0)
  - GoogleUtilities/AppDelegateSwizzler (5.3.0):
    - GoogleUtilities/Environment
    - GoogleUtilities/Logger
    - GoogleUtilities/Network
  - GoogleUtilities/Environment (5.3.0)
  - GoogleUtilities/Logger (5.3.0):
    - GoogleUtilities/Environment
  - GoogleUtilities/MethodSwizzler (5.3.0):
    - GoogleUtilities/Logger
  - GoogleUtilities/Network (5.3.0):
    - GoogleUtilities/Logger
    - "GoogleUtilities/NSData+zlib"
    - GoogleUtilities/Reachability
  - "GoogleUtilities/NSData+zlib (5.3.0)"
  - GoogleUtilities/Reachability (5.3.0):
    - GoogleUtilities/Logger
  - GoogleUtilities/UserDefaults (5.3.0):
    - GoogleUtilities/Logger
  - GTMSessionFetcher/Core (1.2.0)
  - HVTableView (0.2.1)
  - Inapptics (2.0.4)
  - IQKeyboardManagerSwift (6.2.0)
  - Koloda (4.5):
    - pop (~> 1.0)
  - leveldb-library (1.20)
  - nanopb (0.3.8):
    - nanopb/decode (= 0.3.8)
    - nanopb/encode (= 0.3.8)
  - nanopb/decode (0.3.8)
  - nanopb/encode (0.3.8)
  - PayPal-iOS-SDK (2.18.1):
    - PayPal-iOS-SDK/CardIO (= 2.18.1)
    - PayPal-iOS-SDK/Core (= 2.18.1)
  - PayPal-iOS-SDK/CardIO (2.18.1):
    - CardIO (~> 5.4.1)
  - PayPal-iOS-SDK/Core (2.18.1)
  - pop (1.0.12)
  - Protobuf (3.6.1)
  - SDWebImage (4.4.2):
    - SDWebImage/Core (= 4.4.2)
  - SDWebImage/Core (4.4.2)
  - SVProgressHUD (2.2.5)
  - SwiftLocation (3.2.3):
    - SwiftyJSON (~> 4.0.0-alpha.1)
  - SwiftyJSON (4.0.0)
  - SwiftyPickerPopover (6.6.4)
  - Toast-Swift (3.0.1)
  - TTRangeSlider (1.0.6)

DEPENDENCIES:
  - Alamofire
  - AlamofireImage
  - FacebookCore
  - FacebookLogin
  - Firebase/Auth
  - Firebase/Core
  - Firebase/Database
  - Firebase/Messaging
  - GoogleMaps
  - GooglePlacePicker
  - GooglePlaces
  - HVTableView
  - Inapptics
  - IQKeyboardManagerSwift
  - Koloda
  - PayPal-iOS-SDK
  - SDWebImage (~> 4.0)
  - SVProgressHUD
  - SwiftLocation (~> 3.2.3)
  - SwiftyPickerPopover
  - Toast-Swift (~> 3.0.0)
  - TTRangeSlider

SPEC REPOS:
  https://github.com/cocoapods/specs.git:
    - Alamofire
    - AlamofireImage
    - Bolts
    - CardIO
    - FacebookCore
    - FacebookLogin
    - FBSDKCoreKit
    - FBSDKLoginKit
    - Firebase
    - FirebaseAnalytics
    - FirebaseAuth
    - FirebaseAuthInterop
    - FirebaseCore
    - FirebaseDatabase
    - FirebaseInstanceID
    - FirebaseMessaging
    - GoogleAppMeasurement
    - GoogleMaps
    - GooglePlacePicker
    - GooglePlaces
    - GoogleUtilities
    - GTMSessionFetcher
    - HVTableView
    - Inapptics
    - IQKeyboardManagerSwift
    - Koloda
    - leveldb-library
    - nanopb
    - PayPal-iOS-SDK
    - pop
    - Protobuf
    - SDWebImage
    - SVProgressHUD
    - SwiftLocation
    - SwiftyJSON
    - SwiftyPickerPopover
    - Toast-Swift
    - TTRangeSlider

SPEC CHECKSUMS:
  Alamofire: c7287b6e5d7da964a70935e5db17046b7fde6568
  AlamofireImage: 78d67ccbb763d87ba44b21583d2153500a195630
  Bolts: ac6567323eac61e203f6a9763667d0f711be34c8
  CardIO: 56983b39b62f495fc6dae9ad7cf875143df06443
  FacebookCore: 74288d0add931d361b1596beae787ab72c438249
  FacebookLogin: ebcf34714a1cb9f0759d9f071cfb01ed500996cf
  FBSDKCoreKit: 8d47857400e2f5bdea697a80daff882e91c84ef6
  FBSDKLoginKit: 4621c690d9dd8628031a4791497062183ea34b0d
  Firebase: 383fa29aca93e371cab776b48a5c66544d3c2003
  FirebaseAnalytics: 831f1f127f4a75698e9875a87bf7e2668730d953
  FirebaseAuth: 504b198ceb3472dca5c65bb95544ea44cfc9439e
  FirebaseAuthInterop: 0ffa57668be100582bb7643d4fcb7615496c41fc
  FirebaseCore: 2a84b6b325792a4319ef71ee18819dcba08d2fd7
  FirebaseDatabase: e2bcbc106adc4b11a2da3ec2eb63c0c4a44f2f54
  FirebaseInstanceID: 78ba376fcd5b94c001f9999b2cbd3d1f1e56e78d
  FirebaseMessaging: d6feeb06218d2675b4149b0ada925a6b707a74cf
  GoogleAppMeasurement: 2b3a023a61239c8d002e6e4fcf4abce8eddce0e0
  GoogleMaps: f79af95cb24d869457b1f961c93d3ce8b2f3b848
  GooglePlacePicker: 59ea44db173c58486ad6123993e81feefcbce9c3
  GooglePlaces: 3d06e6c99654545b4738ce49648745779c25f2ef
  GoogleUtilities: 760ccb53b7c7f40f9c02d8c241f76f841a7a6162
  GTMSessionFetcher: 0c4baf0a73acd0041bf9f71ea018deedab5ea84e
  HVTableView: 87bcd048e8c1f3262ff55aca2cdc348c9b04a4ce
  Inapptics: 0957e8ff6d208c8ce0c8f895791b6d85d69cf878
  IQKeyboardManagerSwift: b07ccf9d8cafe993dcd6cb794eb4ba34611a0c4e
  Koloda: b1983d795f005f1436f9aaf1911bc287af82348f
  leveldb-library: 08cba283675b7ed2d99629a4bc5fd052cd2bb6a5
  nanopb: 5601e6bca2dbf1ed831b519092ec110f66982ca3
  PayPal-iOS-SDK: 10654cd111e911a9807bddb96fae81aacb8e9915
  pop: d582054913807fd11fd50bfe6a539d91c7e1a55a
  Protobuf: 1eb9700044745f00181c136ef21b8ff3ad5a0fd5
  SDWebImage: 624d6e296c69b244bcede364c72ae0430ac14681
  SVProgressHUD: 1428aafac632c1f86f62aa4243ec12008d7a51d6
  SwiftLocation: a3c3bc2023118171ef3572188a31def94aa0892c
  SwiftyJSON: 070dabdcb1beb81b247c65ffa3a79dbbfb3b48aa
  SwiftyPickerPopover: 6d08cbae133c80743654f4e977607cd1553947e6
  Toast-Swift: ba0b01b095aada709d915f9beb1d38184a2721c3
  TTRangeSlider: 78188bea83f6471a06f75adbc88da5e990baeafe

PODFILE CHECKSUM: 2ae98ea7ab62f19e51f091ea254bea83fc0fe531

COCOAPODS: 1.5.3
